
Microsoft Visual Studio Solution File, Format Version 12.00
# Visual Studio Version 17
VisualStudioVersion = 17.7.33711.374
MinimumVisualStudioVersion = 10.0.40219.1
Project("{FAE04EC0-301F-11D3-BF4B-00C04F79EFBC}") = "DateTimeClasses", "DateTimeClasses.csproj", "{490E5F72-0E1E-4E94-8F17-A271B0AC4B33}"
EndProject
Global
	GlobalSection(SolutionConfigurationPlatforms) = preSolution
		Debug|Any CPU = Debug|Any CPU
		Release|Any CPU = Release|Any CPU
	EndGlobalSection
	GlobalSection(ProjectConfigurationPlatforms) = postSolution
		{490E5F72-0E1E-4E94-8F17-A271B0AC4B33}.Debug|Any CPU.ActiveCfg = Debug|Any CPU
		{490E5F72-0E1E-4E94-8F17-A271B0AC4B33}.Debug|Any CPU.Build.0 = Debug|Any CPU
		{490E5F72-0E1E-4E94-8F17-A271B0AC4B33}.Release|Any CPU.ActiveCfg = Release|Any CPU
		{490E5F72-0E1E-4E94-8F17-A271B0AC4B33}.Release|Any CPU.Build.0 = Release|Any CPU
	EndGlobalSection
	GlobalSection(SolutionProperties) = preSolution
		HideSolutionNode = FALSE
	EndGlobalSection
	GlobalSection(ExtensibilityGlobals) = postSolution
		SolutionGuid = {6588C284-EFB4-46D8-99B2-CA23EB53D9F9}
	EndGlobalSection
EndGlobal
